
Microsoft Visual Studio Solution File, Format Version 12.00
# Visual Studio Version 16
VisualStudioVersion = 16.0.34407.143
MinimumVisualStudioVersion = 10.0.40219.1
Project("{FAE04EC0-301F-11D3-BF4B-00C04F79EFBC}") = "Branching Assignment", "Branching Assignment\Branching Assignment.csproj", "{CC54C97E-4D2B-4264-AB67-601E56B012FA}"
EndProject
Global
	GlobalSection(SolutionConfigurationPlatforms) = preSolution
		Debug|Any CPU = Debug|Any CPU
		Release|Any CPU = Release|Any CPU
	EndGlobalSection
	GlobalSection(ProjectConfigurationPlatforms) = postSolution
		{CC54C97E-4D2B-4264-AB67-601E56B012FA}.Debug|Any CPU.ActiveCfg = Debug|Any CPU
		{CC54C97E-4D2B-4264-AB67-601E56B012FA}.Debug|Any CPU.Build.0 = Debug|Any CPU
		{CC54C97E-4D2B-4264-AB67-601E56B012FA}.Release|Any CPU.ActiveCfg = Release|Any CPU
		{CC54C97E-4D2B-4264-AB67-601E56B012FA}.Release|Any CPU.Build.0 = Release|Any CPU
	EndGlobalSection
	GlobalSection(SolutionProperties) = preSolution
		HideSolutionNode = FALSE
	EndGlobalSection
	GlobalSection(ExtensibilityGlobals) = postSolution
		SolutionGuid = {46E7DD01-028E-449F-B94E-5528A2271E75}
	EndGlobalSection
EndGlobal
